<?xml version="1.0" encoding="UTF-8"?>
<CodeBlocks_project_file>
	<FileVersion major="1" minor="6"/>
	<Project>
		<Option title="Head_Unit"/>
		<Option makefile_is_custom="1"/>
		<Option compiler="gcc"/>
		<Option virtualFolders="CMake Files\;CMake Files\..\;CMake Files\..\..\;CMake Files\..\..\..\;CMake Files\..\..\..\..\;CMake Files\..\..\..\..\..\;CMake Files\..\..\..\..\..\..\;CMake Files\..\..\..\..\..\..\usr\;CMake Files\..\..\..\..\..\..\usr\lib\;CMake Files\..\..\..\..\..\..\usr\lib\x86_64-linux-gnu\;CMake Files\..\..\..\..\..\..\usr\lib\x86_64-linux-gnu\cmake\;CMake Files\..\..\..\..\..\..\usr\lib\x86_64-linux-gnu\cmake\Qt5\;CMake Files\..\..\..\..\..\..\usr\lib\x86_64-linux-gnu\cmake\Qt5Core\;CMake Files\..\..\..\..\..\..\usr\lib\x86_64-linux-gnu\cmake\Qt5Quick\;CMake Files\..\..\..\..\..\..\usr\lib\x86_64-linux-gnu\cmake\Qt5Qml\;CMake Files\..\..\..\..\..\..\usr\lib\x86_64-linux-gnu\cmake\Qt5Network\;CMake Files\..\..\..\..\..\..\usr\lib\x86_64-linux-gnu\cmake\Qt5Gui\;CMake Files\..\..\..\..\..\..\usr\lib\x86_64-linux-gnu\cmake\Qt5DBus\;CMake Files\..\..\..\..\..\..\usr\lib\x86_64-linux-gnu\cmake\Qt5Multimedia\;CMake Files\..\..\..\..\..\..\usr\lib\x86_64-linux-gnu\cmake\Qt5VirtualKeyboard\;CMake Files\..\..\..\..\..\..\usr\lib\x86_64-linux-gnu\cmake\Qt5Location\;CMake Files\..\..\..\..\..\..\usr\lib\x86_64-linux-gnu\cmake\Qt5PositioningQuick\;CMake Files\..\..\..\..\..\..\usr\lib\x86_64-linux-gnu\cmake\Qt5Positioning\;CMake Files\..\..\..\..\..\..\usr\lib\x86_64-linux-gnu\cmake\Qt5WebEngine\;CMake Files\..\..\..\..\..\..\usr\lib\x86_64-linux-gnu\cmake\Qt5WebEngineCore\;CMake Files\..\..\..\..\..\..\usr\lib\x86_64-linux-gnu\cmake\Qt5WebChannel\;CMake Files\src\;"/>
		<Build>
			<Target title="all">
				<Option working_dir="/home/daekyung/hiiii2/DES_03.Head-Unit/infotainment/build-head_unit-Desktop-Debug"/>
				<Option type="4"/>
				<MakeCommands>
					<Build command="/usr/bin/make -j8 -f &quot;/home/daekyung/hiiii2/DES_03.Head-Unit/infotainment/build-head_unit-Desktop-Debug/Makefile&quot;  VERBOSE=1 all"/>
					<CompileFile command="/usr/bin/make -j8 -f &quot;/home/daekyung/hiiii2/DES_03.Head-Unit/infotainment/build-head_unit-Desktop-Debug/Makefile&quot;  VERBOSE=1 &quot;$file&quot;"/>
					<Clean command="/usr/bin/make -j8 -f &quot;/home/daekyung/hiiii2/DES_03.Head-Unit/infotainment/build-head_unit-Desktop-Debug/Makefile&quot;  VERBOSE=1 clean"/>
					<DistClean command="/usr/bin/make -j8 -f &quot;/home/daekyung/hiiii2/DES_03.Head-Unit/infotainment/build-head_unit-Desktop-Debug/Makefile&quot;  VERBOSE=1 clean"/>
				</MakeCommands>
			</Target>
			<Target title="rebuild_cache">
				<Option working_dir="/home/daekyung/hiiii2/DES_03.Head-Unit/infotainment/build-head_unit-Desktop-Debug"/>
				<Option type="4"/>
				<MakeCommands>
					<Build command="/usr/bin/make -j8 -f &quot;/home/daekyung/hiiii2/DES_03.Head-Unit/infotainment/build-head_unit-Desktop-Debug/Makefile&quot;  VERBOSE=1 rebuild_cache"/>
					<CompileFile command="/usr/bin/make -j8 -f &quot;/home/daekyung/hiiii2/DES_03.Head-Unit/infotainment/build-head_unit-Desktop-Debug/Makefile&quot;  VERBOSE=1 &quot;$file&quot;"/>
					<Clean command="/usr/bin/make -j8 -f &quot;/home/daekyung/hiiii2/DES_03.Head-Unit/infotainment/build-head_unit-Desktop-Debug/Makefile&quot;  VERBOSE=1 clean"/>
					<DistClean command="/usr/bin/make -j8 -f &quot;/home/daekyung/hiiii2/DES_03.Head-Unit/infotainment/build-head_unit-Desktop-Debug/Makefile&quot;  VERBOSE=1 clean"/>
				</MakeCommands>
			</Target>
			<Target title="edit_cache">
				<Option working_dir="/home/daekyung/hiiii2/DES_03.Head-Unit/infotainment/build-head_unit-Desktop-Debug"/>
				<Option type="4"/>
				<MakeCommands>
					<Build command="/usr/bin/make -j8 -f &quot;/home/daekyung/hiiii2/DES_03.Head-Unit/infotainment/build-head_unit-Desktop-Debug/Makefile&quot;  VERBOSE=1 edit_cache"/>
					<CompileFile command="/usr/bin/make -j8 -f &quot;/home/daekyung/hiiii2/DES_03.Head-Unit/infotainment/build-head_unit-Desktop-Debug/Makefile&quot;  VERBOSE=1 &quot;$file&quot;"/>
					<Clean command="/usr/bin/make -j8 -f &quot;/home/daekyung/hiiii2/DES_03.Head-Unit/infotainment/build-head_unit-Desktop-Debug/Makefile&quot;  VERBOSE=1 clean"/>
					<DistClean command="/usr/bin/make -j8 -f &quot;/home/daekyung/hiiii2/DES_03.Head-Unit/infotainment/build-head_unit-Desktop-Debug/Makefile&quot;  VERBOSE=1 clean"/>
				</MakeCommands>
			</Target>
			<Target title="Head_Unit">
				<Option output="/home/daekyung/hiiii2/DES_03.Head-Unit/infotainment/build-head_unit-Desktop-Debug/Head_Unit" prefix_auto="0" extension_auto="0"/>
				<Option working_dir="/home/daekyung/hiiii2/DES_03.Head-Unit/infotainment/build-head_unit-Desktop-Debug"/>
				<Option object_output="./"/>
				<Option type="1"/>
				<Option compiler="gcc"/>
				<Compiler>
					<Add option="-DQT_QML_DEBUG"/>
					<Add option="-DQT_CORE_LIB"/>
					<Add option="-DQT_QUICK_LIB"/>
					<Add option="-DQT_QML_LIB"/>
					<Add option="-DQT_NETWORK_LIB"/>
					<Add option="-DQT_GUI_LIB"/>
					<Add option="-DQT_MULTIMEDIA_LIB"/>
					<Add option="-DQT_DBUS_LIB"/>
					<Add option="-DQT_LOCATION_LIB"/>
					<Add option="-DQT_POSITIONINGQUICK_LIB"/>
					<Add option="-DQT_POSITIONING_LIB"/>
					<Add option="-DQT_WEBENGINE_LIB"/>
					<Add option="-DQT_WEBENGINECORE_LIB"/>
					<Add option="-DQT_WEBCHANNEL_LIB"/>
					<Add option="-DQT_VIRTUALKEYBOARD_LIB"/>
					<Add directory="/home/daekyung/hiiii2/DES_03.Head-Unit/infotainment/build-head_unit-Desktop-Debug/Head_Unit_autogen/include"/>
					<Add directory="/home/daekyung/hiiii2/DES_03.Head-Unit/infotainment/head_unit/../project-pyracer/src-gen"/>
					<Add directory="/home/daekyung/build-commonapi/capicxx-core-runtime/include"/>
					<Add directory="/home/daekyung/build-commonapi/capicxx-someip-runtime/include"/>
					<Add directory="/home/daekyung/build-commonapi/vsomeip/interface"/>
					<Add directory="/usr/include/x86_64-linux-gnu/qt5"/>
					<Add directory="/usr/include/x86_64-linux-gnu/qt5/QtCore"/>
					<Add directory="/usr/lib/x86_64-linux-gnu/qt5/mkspecs/linux-g++"/>
					<Add directory="/usr/include/x86_64-linux-gnu/qt5/QtQuick"/>
					<Add directory="/usr/include/x86_64-linux-gnu/qt5/QtQml"/>
					<Add directory="/usr/include/x86_64-linux-gnu/qt5/QtNetwork"/>
					<Add directory="/usr/include/x86_64-linux-gnu/qt5/QtGui"/>
					<Add directory="/usr/include/x86_64-linux-gnu/qt5/QtMultimedia"/>
					<Add directory="/usr/include/x86_64-linux-gnu/qt5/QtDBus"/>
					<Add directory="/usr/include/x86_64-linux-gnu/qt5/QtLocation"/>
					<Add directory="/usr/include/x86_64-linux-gnu/qt5/QtPositioningQuick"/>
					<Add directory="/usr/include/x86_64-linux-gnu/qt5/QtPositioning"/>
					<Add directory="/usr/include/x86_64-linux-gnu/qt5/QtWebEngine"/>
					<Add directory="/usr/include/x86_64-linux-gnu/qt5/QtWebEngineCore"/>
					<Add directory="/usr/include/x86_64-linux-gnu/qt5/QtWebChannel"/>
					<Add directory="/usr/include/x86_64-linux-gnu/qt5/QtVirtualKeyboard"/>
					<Add directory="/usr/include/c++/9"/>
					<Add directory="/usr/include/x86_64-linux-gnu/c++/9"/>
					<Add directory="/usr/include/c++/9/backward"/>
					<Add directory="/usr/lib/gcc/x86_64-linux-gnu/9/include"/>
					<Add directory="/usr/local/include"/>
					<Add directory="/usr/include/x86_64-linux-gnu"/>
					<Add directory="/usr/include"/>
				</Compiler>
				<MakeCommands>
					<Build command="/usr/bin/make -j8 -f &quot;/home/daekyung/hiiii2/DES_03.Head-Unit/infotainment/build-head_unit-Desktop-Debug/Makefile&quot;  VERBOSE=1 Head_Unit"/>
					<CompileFile command="/usr/bin/make -j8 -f &quot;/home/daekyung/hiiii2/DES_03.Head-Unit/infotainment/build-head_unit-Desktop-Debug/Makefile&quot;  VERBOSE=1 &quot;$file&quot;"/>
					<Clean command="/usr/bin/make -j8 -f &quot;/home/daekyung/hiiii2/DES_03.Head-Unit/infotainment/build-head_unit-Desktop-Debug/Makefile&quot;  VERBOSE=1 clean"/>
					<DistClean command="/usr/bin/make -j8 -f &quot;/home/daekyung/hiiii2/DES_03.Head-Unit/infotainment/build-head_unit-Desktop-Debug/Makefile&quot;  VERBOSE=1 clean"/>
				</MakeCommands>
			</Target>
			<Target title="Head_Unit/fast">
				<Option output="/home/daekyung/hiiii2/DES_03.Head-Unit/infotainment/build-head_unit-Desktop-Debug/Head_Unit" prefix_auto="0" extension_auto="0"/>
				<Option working_dir="/home/daekyung/hiiii2/DES_03.Head-Unit/infotainment/build-head_unit-Desktop-Debug"/>
				<Option object_output="./"/>
				<Option type="1"/>
				<Option compiler="gcc"/>
				<Compiler>
					<Add option="-DQT_QML_DEBUG"/>
					<Add option="-DQT_CORE_LIB"/>
					<Add option="-DQT_QUICK_LIB"/>
					<Add option="-DQT_QML_LIB"/>
					<Add option="-DQT_NETWORK_LIB"/>
					<Add option="-DQT_GUI_LIB"/>
					<Add option="-DQT_MULTIMEDIA_LIB"/>
					<Add option="-DQT_DBUS_LIB"/>
					<Add option="-DQT_LOCATION_LIB"/>
					<Add option="-DQT_POSITIONINGQUICK_LIB"/>
					<Add option="-DQT_POSITIONING_LIB"/>
					<Add option="-DQT_WEBENGINE_LIB"/>
					<Add option="-DQT_WEBENGINECORE_LIB"/>
					<Add option="-DQT_WEBCHANNEL_LIB"/>
					<Add option="-DQT_VIRTUALKEYBOARD_LIB"/>
					<Add directory="/home/daekyung/hiiii2/DES_03.Head-Unit/infotainment/build-head_unit-Desktop-Debug/Head_Unit_autogen/include"/>
					<Add directory="/home/daekyung/hiiii2/DES_03.Head-Unit/infotainment/head_unit/../project-pyracer/src-gen"/>
					<Add directory="/home/daekyung/build-commonapi/capicxx-core-runtime/include"/>
					<Add directory="/home/daekyung/build-commonapi/capicxx-someip-runtime/include"/>
					<Add directory="/home/daekyung/build-commonapi/vsomeip/interface"/>
					<Add directory="/usr/include/x86_64-linux-gnu/qt5"/>
					<Add directory="/usr/include/x86_64-linux-gnu/qt5/QtCore"/>
					<Add directory="/usr/lib/x86_64-linux-gnu/qt5/mkspecs/linux-g++"/>
					<Add directory="/usr/include/x86_64-linux-gnu/qt5/QtQuick"/>
					<Add directory="/usr/include/x86_64-linux-gnu/qt5/QtQml"/>
					<Add directory="/usr/include/x86_64-linux-gnu/qt5/QtNetwork"/>
					<Add directory="/usr/include/x86_64-linux-gnu/qt5/QtGui"/>
					<Add directory="/usr/include/x86_64-linux-gnu/qt5/QtMultimedia"/>
					<Add directory="/usr/include/x86_64-linux-gnu/qt5/QtDBus"/>
					<Add directory="/usr/include/x86_64-linux-gnu/qt5/QtLocation"/>
					<Add directory="/usr/include/x86_64-linux-gnu/qt5/QtPositioningQuick"/>
					<Add directory="/usr/include/x86_64-linux-gnu/qt5/QtPositioning"/>
					<Add directory="/usr/include/x86_64-linux-gnu/qt5/QtWebEngine"/>
					<Add directory="/usr/include/x86_64-linux-gnu/qt5/QtWebEngineCore"/>
					<Add directory="/usr/include/x86_64-linux-gnu/qt5/QtWebChannel"/>
					<Add directory="/usr/include/x86_64-linux-gnu/qt5/QtVirtualKeyboard"/>
					<Add directory="/usr/include/c++/9"/>
					<Add directory="/usr/include/x86_64-linux-gnu/c++/9"/>
					<Add directory="/usr/include/c++/9/backward"/>
					<Add directory="/usr/lib/gcc/x86_64-linux-gnu/9/include"/>
					<Add directory="/usr/local/include"/>
					<Add directory="/usr/include/x86_64-linux-gnu"/>
					<Add directory="/usr/include"/>
				</Compiler>
				<MakeCommands>
					<Build command="/usr/bin/make -j8 -f &quot;/home/daekyung/hiiii2/DES_03.Head-Unit/infotainment/build-head_unit-Desktop-Debug/Makefile&quot;  VERBOSE=1 Head_Unit/fast"/>
					<CompileFile command="/usr/bin/make -j8 -f &quot;/home/daekyung/hiiii2/DES_03.Head-Unit/infotainment/build-head_unit-Desktop-Debug/Makefile&quot;  VERBOSE=1 &quot;$file&quot;"/>
					<Clean command="/usr/bin/make -j8 -f &quot;/home/daekyung/hiiii2/DES_03.Head-Unit/infotainment/build-head_unit-Desktop-Debug/Makefile&quot;  VERBOSE=1 clean"/>
					<DistClean command="/usr/bin/make -j8 -f &quot;/home/daekyung/hiiii2/DES_03.Head-Unit/infotainment/build-head_unit-Desktop-Debug/Makefile&quot;  VERBOSE=1 clean"/>
				</MakeCommands>
			</Target>
			<Target title="Head_Unit_autogen">
				<Option working_dir="/home/daekyung/hiiii2/DES_03.Head-Unit/infotainment/build-head_unit-Desktop-Debug"/>
				<Option type="4"/>
				<MakeCommands>
					<Build command="/usr/bin/make -j8 -f &quot;/home/daekyung/hiiii2/DES_03.Head-Unit/infotainment/build-head_unit-Desktop-Debug/Makefile&quot;  VERBOSE=1 Head_Unit_autogen"/>
					<CompileFile command="/usr/bin/make -j8 -f &quot;/home/daekyung/hiiii2/DES_03.Head-Unit/infotainment/build-head_unit-Desktop-Debug/Makefile&quot;  VERBOSE=1 &quot;$file&quot;"/>
					<Clean command="/usr/bin/make -j8 -f &quot;/home/daekyung/hiiii2/DES_03.Head-Unit/infotainment/build-head_unit-Desktop-Debug/Makefile&quot;  VERBOSE=1 clean"/>
					<DistClean command="/usr/bin/make -j8 -f &quot;/home/daekyung/hiiii2/DES_03.Head-Unit/infotainment/build-head_unit-Desktop-Debug/Makefile&quot;  VERBOSE=1 clean"/>
				</MakeCommands>
			</Target>
		</Build>
		<Unit filename="/home/daekyung/hiiii2/DES_03.Head-Unit/infotainment/build-head_unit-Desktop-Debug/Head_Unit_autogen/UVLADIE3JM/qrc_qml.cpp">
			<Option target="Head_Unit"/>
		</Unit>
		<Unit filename="/home/daekyung/hiiii2/DES_03.Head-Unit/infotainment/build-head_unit-Desktop-Debug/Head_Unit_autogen/UVLADIE3JM/qrc_qml.cpp.rule">
			<Option target="Head_Unit"/>
		</Unit>
		<Unit filename="/home/daekyung/hiiii2/DES_03.Head-Unit/infotainment/build-head_unit-Desktop-Debug/Head_Unit_autogen/mocs_compilation.cpp">
			<Option target="Head_Unit"/>
		</Unit>
		<Unit filename="/home/daekyung/hiiii2/DES_03.Head-Unit/infotainment/head_unit/src/dbusmanager.cpp">
			<Option target="Head_Unit"/>
		</Unit>
		<Unit filename="/home/daekyung/hiiii2/DES_03.Head-Unit/infotainment/head_unit/src/dbusmanager.h">
			<Option target="Head_Unit"/>
		</Unit>
		<Unit filename="/home/daekyung/hiiii2/DES_03.Head-Unit/infotainment/head_unit/src/main.cpp">
			<Option target="Head_Unit"/>
		</Unit>
		<Unit filename="/home/daekyung/hiiii2/DES_03.Head-Unit/infotainment/head_unit/src/qml.qrc">
			<Option target="Head_Unit"/>
		</Unit>
		<Unit filename="/home/daekyung/hiiii2/DES_03.Head-Unit/infotainment/head_unit/src/someipmanager.cpp">
			<Option target="Head_Unit"/>
		</Unit>
		<Unit filename="/home/daekyung/hiiii2/DES_03.Head-Unit/infotainment/head_unit/src/someipmanager.h">
			<Option target="Head_Unit"/>
		</Unit>
		<Unit filename="/home/daekyung/hiiii2/DES_03.Head-Unit/infotainment/project-pyracer/src-gen/v1/commonapi/CANSomeIPDeployment.cpp">
			<Option target="Head_Unit"/>
		</Unit>
		<Unit filename="/home/daekyung/hiiii2/DES_03.Head-Unit/infotainment/project-pyracer/src-gen/v1/commonapi/CANSomeIPDeployment.hpp">
			<Option target="Head_Unit"/>
		</Unit>
		<Unit filename="/home/daekyung/hiiii2/DES_03.Head-Unit/infotainment/project-pyracer/src-gen/v1/commonapi/CANSomeIPProxy.cpp">
			<Option target="Head_Unit"/>
		</Unit>
		<Unit filename="/home/daekyung/hiiii2/DES_03.Head-Unit/infotainment/project-pyracer/src-gen/v1/commonapi/CANSomeIPProxy.hpp">
			<Option target="Head_Unit"/>
		</Unit>
		<Unit filename="/home/daekyung/hiiii2/DES_03.Head-Unit/infotainment/project-pyracer/src-gen/v1/commonapi/CANSomeIPStubAdapter.cpp">
			<Option target="Head_Unit"/>
		</Unit>
		<Unit filename="/home/daekyung/hiiii2/DES_03.Head-Unit/infotainment/project-pyracer/src-gen/v1/commonapi/CANSomeIPStubAdapter.hpp">
			<Option target="Head_Unit"/>
		</Unit>
		<Unit filename="/home/daekyung/hiiii2/DES_03.Head-Unit/infotainment/head_unit/CMakeLists.txt">
			<Option virtualFolder="CMake Files\"/>
		</Unit>
		<Unit filename="/home/daekyung/hiiii2/DES_03.Head-Unit/infotainment/head_unit/../../../../../../usr/lib/x86_64-linux-gnu/cmake/Qt5/Qt5Config.cmake">
			<Option virtualFolder="CMake Files\..\..\..\..\..\..\usr\lib\x86_64-linux-gnu\cmake\Qt5\"/>
		</Unit>
		<Unit filename="/home/daekyung/hiiii2/DES_03.Head-Unit/infotainment/head_unit/../../../../../../usr/lib/x86_64-linux-gnu/cmake/Qt5/Qt5ConfigVersion.cmake">
			<Option virtualFolder="CMake Files\..\..\..\..\..\..\usr\lib\x86_64-linux-gnu\cmake\Qt5\"/>
		</Unit>
		<Unit filename="/home/daekyung/hiiii2/DES_03.Head-Unit/infotainment/head_unit/../../../../../../usr/lib/x86_64-linux-gnu/cmake/Qt5/Qt5ModuleLocation.cmake">
			<Option virtualFolder="CMake Files\..\..\..\..\..\..\usr\lib\x86_64-linux-gnu\cmake\Qt5\"/>
		</Unit>
		<Unit filename="/home/daekyung/hiiii2/DES_03.Head-Unit/infotainment/head_unit/../../../../../../usr/lib/x86_64-linux-gnu/cmake/Qt5Core/Qt5CoreConfig.cmake">
			<Option virtualFolder="CMake Files\..\..\..\..\..\..\usr\lib\x86_64-linux-gnu\cmake\Qt5Core\"/>
		</Unit>
		<Unit filename="/home/daekyung/hiiii2/DES_03.Head-Unit/infotainment/head_unit/../../../../../../usr/lib/x86_64-linux-gnu/cmake/Qt5Core/Qt5CoreConfigExtras.cmake">
			<Option virtualFolder="CMake Files\..\..\..\..\..\..\usr\lib\x86_64-linux-gnu\cmake\Qt5Core\"/>
		</Unit>
		<Unit filename="/home/daekyung/hiiii2/DES_03.Head-Unit/infotainment/head_unit/../../../../../../usr/lib/x86_64-linux-gnu/cmake/Qt5Core/Qt5CoreConfigExtrasMkspecDir.cmake">
			<Option virtualFolder="CMake Files\..\..\..\..\..\..\usr\lib\x86_64-linux-gnu\cmake\Qt5Core\"/>
		</Unit>
		<Unit filename="/home/daekyung/hiiii2/DES_03.Head-Unit/infotainment/head_unit/../../../../../../usr/lib/x86_64-linux-gnu/cmake/Qt5Core/Qt5CoreConfigVersion.cmake">
			<Option virtualFolder="CMake Files\..\..\..\..\..\..\usr\lib\x86_64-linux-gnu\cmake\Qt5Core\"/>
		</Unit>
		<Unit filename="/home/daekyung/hiiii2/DES_03.Head-Unit/infotainment/head_unit/../../../../../../usr/lib/x86_64-linux-gnu/cmake/Qt5Core/Qt5CoreMacros.cmake">
			<Option virtualFolder="CMake Files\..\..\..\..\..\..\usr\lib\x86_64-linux-gnu\cmake\Qt5Core\"/>
		</Unit>
		<Unit filename="/home/daekyung/hiiii2/DES_03.Head-Unit/infotainment/head_unit/../../../../../../usr/lib/x86_64-linux-gnu/cmake/Qt5Quick/Qt5QuickConfig.cmake">
			<Option virtualFolder="CMake Files\..\..\..\..\..\..\usr\lib\x86_64-linux-gnu\cmake\Qt5Quick\"/>
		</Unit>
		<Unit filename="/home/daekyung/hiiii2/DES_03.Head-Unit/infotainment/head_unit/../../../../../../usr/lib/x86_64-linux-gnu/cmake/Qt5Quick/Qt5QuickConfigVersion.cmake">
			<Option virtualFolder="CMake Files\..\..\..\..\..\..\usr\lib\x86_64-linux-gnu\cmake\Qt5Quick\"/>
		</Unit>
		<Unit filename="/home/daekyung/hiiii2/DES_03.Head-Unit/infotainment/head_unit/../../../../../../usr/lib/x86_64-linux-gnu/cmake/Qt5Qml/Qt5QmlConfig.cmake">
			<Option virtualFolder="CMake Files\..\..\..\..\..\..\usr\lib\x86_64-linux-gnu\cmake\Qt5Qml\"/>
		</Unit>
		<Unit filename="/home/daekyung/hiiii2/DES_03.Head-Unit/infotainment/head_unit/../../../../../../usr/lib/x86_64-linux-gnu/cmake/Qt5Qml/Qt5QmlConfigExtras.cmake">
			<Option virtualFolder="CMake Files\..\..\..\..\..\..\usr\lib\x86_64-linux-gnu\cmake\Qt5Qml\"/>
		</Unit>
		<Unit filename="/home/daekyung/hiiii2/DES_03.Head-Unit/infotainment/head_unit/../../../../../../usr/lib/x86_64-linux-gnu/cmake/Qt5Qml/Qt5QmlConfigVersion.cmake">
			<Option virtualFolder="CMake Files\..\..\..\..\..\..\usr\lib\x86_64-linux-gnu\cmake\Qt5Qml\"/>
		</Unit>
		<Unit filename="/home/daekyung/hiiii2/DES_03.Head-Unit/infotainment/head_unit/../../../../../../usr/lib/x86_64-linux-gnu/cmake/Qt5Qml/Qt5Qml_QDebugMessageServiceFactory.cmake">
			<Option virtualFolder="CMake Files\..\..\..\..\..\..\usr\lib\x86_64-linux-gnu\cmake\Qt5Qml\"/>
		</Unit>
		<Unit filename="/home/daekyung/hiiii2/DES_03.Head-Unit/infotainment/head_unit/../../../../../../usr/lib/x86_64-linux-gnu/cmake/Qt5Qml/Qt5Qml_QLocalClientConnectionFactory.cmake">
			<Option virtualFolder="CMake Files\..\..\..\..\..\..\usr\lib\x86_64-linux-gnu\cmake\Qt5Qml\"/>
		</Unit>
		<Unit filename="/home/daekyung/hiiii2/DES_03.Head-Unit/infotainment/head_unit/../../../../../../usr/lib/x86_64-linux-gnu/cmake/Qt5Qml/Qt5Qml_QQmlDebugServerFactory.cmake">
			<Option virtualFolder="CMake Files\..\..\..\..\..\..\usr\lib\x86_64-linux-gnu\cmake\Qt5Qml\"/>
		</Unit>
		<Unit filename="/home/daekyung/hiiii2/DES_03.Head-Unit/infotainment/head_unit/../../../../../../usr/lib/x86_64-linux-gnu/cmake/Qt5Qml/Qt5Qml_QQmlDebuggerServiceFactory.cmake">
			<Option virtualFolder="CMake Files\..\..\..\..\..\..\usr\lib\x86_64-linux-gnu\cmake\Qt5Qml\"/>
		</Unit>
		<Unit filename="/home/daekyung/hiiii2/DES_03.Head-Unit/infotainment/head_unit/../../../../../../usr/lib/x86_64-linux-gnu/cmake/Qt5Qml/Qt5Qml_QQmlInspectorServiceFactory.cmake">
			<Option virtualFolder="CMake Files\..\..\..\..\..\..\usr\lib\x86_64-linux-gnu\cmake\Qt5Qml\"/>
		</Unit>
		<Unit filename="/home/daekyung/hiiii2/DES_03.Head-Unit/infotainment/head_unit/../../../../../../usr/lib/x86_64-linux-gnu/cmake/Qt5Qml/Qt5Qml_QQmlNativeDebugConnectorFactory.cmake">
			<Option virtualFolder="CMake Files\..\..\..\..\..\..\usr\lib\x86_64-linux-gnu\cmake\Qt5Qml\"/>
		</Unit>
		<Unit filename="/home/daekyung/hiiii2/DES_03.Head-Unit/infotainment/head_unit/../../../../../../usr/lib/x86_64-linux-gnu/cmake/Qt5Qml/Qt5Qml_QQmlNativeDebugServiceFactory.cmake">
			<Option virtualFolder="CMake Files\..\..\..\..\..\..\usr\lib\x86_64-linux-gnu\cmake\Qt5Qml\"/>
		</Unit>
		<Unit filename="/home/daekyung/hiiii2/DES_03.Head-Unit/infotainment/head_unit/../../../../../../usr/lib/x86_64-linux-gnu/cmake/Qt5Qml/Qt5Qml_QQmlPreviewServiceFactory.cmake">
			<Option virtualFolder="CMake Files\..\..\..\..\..\..\usr\lib\x86_64-linux-gnu\cmake\Qt5Qml\"/>
		</Unit>
		<Unit filename="/home/daekyung/hiiii2/DES_03.Head-Unit/infotainment/head_unit/../../../../../../usr/lib/x86_64-linux-gnu/cmake/Qt5Qml/Qt5Qml_QQmlProfilerServiceFactory.cmake">
			<Option virtualFolder="CMake Files\..\..\..\..\..\..\usr\lib\x86_64-linux-gnu\cmake\Qt5Qml\"/>
		</Unit>
		<Unit filename="/home/daekyung/hiiii2/DES_03.Head-Unit/infotainment/head_unit/../../../../../../usr/lib/x86_64-linux-gnu/cmake/Qt5Qml/Qt5Qml_QQuickProfilerAdapterFactory.cmake">
			<Option virtualFolder="CMake Files\..\..\..\..\..\..\usr\lib\x86_64-linux-gnu\cmake\Qt5Qml\"/>
		</Unit>
		<Unit filename="/home/daekyung/hiiii2/DES_03.Head-Unit/infotainment/head_unit/../../../../../../usr/lib/x86_64-linux-gnu/cmake/Qt5Qml/Qt5Qml_QTcpServerConnectionFactory.cmake">
			<Option virtualFolder="CMake Files\..\..\..\..\..\..\usr\lib\x86_64-linux-gnu\cmake\Qt5Qml\"/>
		</Unit>
		<Unit filename="/home/daekyung/hiiii2/DES_03.Head-Unit/infotainment/head_unit/../../../../../../usr/lib/x86_64-linux-gnu/cmake/Qt5Network/Qt5NetworkConfig.cmake">
			<Option virtualFolder="CMake Files\..\..\..\..\..\..\usr\lib\x86_64-linux-gnu\cmake\Qt5Network\"/>
		</Unit>
		<Unit filename="/home/daekyung/hiiii2/DES_03.Head-Unit/infotainment/head_unit/../../../../../../usr/lib/x86_64-linux-gnu/cmake/Qt5Network/Qt5NetworkConfigVersion.cmake">
			<Option virtualFolder="CMake Files\..\..\..\..\..\..\usr\lib\x86_64-linux-gnu\cmake\Qt5Network\"/>
		</Unit>
		<Unit filename="/home/daekyung/hiiii2/DES_03.Head-Unit/infotainment/head_unit/../../../../../../usr/lib/x86_64-linux-gnu/cmake/Qt5Network/Qt5Network_QConnmanEnginePlugin.cmake">
			<Option virtualFolder="CMake Files\..\..\..\..\..\..\usr\lib\x86_64-linux-gnu\cmake\Qt5Network\"/>
		</Unit>
		<Unit filename="/home/daekyung/hiiii2/DES_03.Head-Unit/infotainment/head_unit/../../../../../../usr/lib/x86_64-linux-gnu/cmake/Qt5Network/Qt5Network_QGenericEnginePlugin.cmake">
			<Option virtualFolder="CMake Files\..\..\..\..\..\..\usr\lib\x86_64-linux-gnu\cmake\Qt5Network\"/>
		</Unit>
		<Unit filename="/home/daekyung/hiiii2/DES_03.Head-Unit/infotainment/head_unit/../../../../../../usr/lib/x86_64-linux-gnu/cmake/Qt5Network/Qt5Network_QNetworkManagerEnginePlugin.cmake">
			<Option virtualFolder="CMake Files\..\..\..\..\..\..\usr\lib\x86_64-linux-gnu\cmake\Qt5Network\"/>
		</Unit>
		<Unit filename="/home/daekyung/hiiii2/DES_03.Head-Unit/infotainment/head_unit/../../../../../../usr/lib/x86_64-linux-gnu/cmake/Qt5Gui/Qt5GuiConfig.cmake">
			<Option virtualFolder="CMake Files\..\..\..\..\..\..\usr\lib\x86_64-linux-gnu\cmake\Qt5Gui\"/>
		</Unit>
		<Unit filename="/home/daekyung/hiiii2/DES_03.Head-Unit/infotainment/head_unit/../../../../../../usr/lib/x86_64-linux-gnu/cmake/Qt5Gui/Qt5GuiConfigExtras.cmake">
			<Option virtualFolder="CMake Files\..\..\..\..\..\..\usr\lib\x86_64-linux-gnu\cmake\Qt5Gui\"/>
		</Unit>
		<Unit filename="/home/daekyung/hiiii2/DES_03.Head-Unit/infotainment/head_unit/../../../../../../usr/lib/x86_64-linux-gnu/cmake/Qt5Gui/Qt5GuiConfigVersion.cmake">
			<Option virtualFolder="CMake Files\..\..\..\..\..\..\usr\lib\x86_64-linux-gnu\cmake\Qt5Gui\"/>
		</Unit>
		<Unit filename="/home/daekyung/hiiii2/DES_03.Head-Unit/infotainment/head_unit/../../../../../../usr/lib/x86_64-linux-gnu/cmake/Qt5Gui/Qt5Gui_QComposePlatformInputContextPlugin.cmake">
			<Option virtualFolder="CMake Files\..\..\..\..\..\..\usr\lib\x86_64-linux-gnu\cmake\Qt5Gui\"/>
		</Unit>
		<Unit filename="/home/daekyung/hiiii2/DES_03.Head-Unit/infotainment/head_unit/../../../../../../usr/lib/x86_64-linux-gnu/cmake/Qt5Gui/Qt5Gui_QEglFSEmulatorIntegrationPlugin.cmake">
			<Option virtualFolder="CMake Files\..\..\..\..\..\..\usr\lib\x86_64-linux-gnu\cmake\Qt5Gui\"/>
		</Unit>
		<Unit filename="/home/daekyung/hiiii2/DES_03.Head-Unit/infotainment/head_unit/../../../../../../usr/lib/x86_64-linux-gnu/cmake/Qt5Gui/Qt5Gui_QEglFSIntegrationPlugin.cmake">
			<Option virtualFolder="CMake Files\..\..\..\..\..\..\usr\lib\x86_64-linux-gnu\cmake\Qt5Gui\"/>
		</Unit>
		<Unit filename="/home/daekyung/hiiii2/DES_03.Head-Unit/infotainment/head_unit/../../../../../../usr/lib/x86_64-linux-gnu/cmake/Qt5Gui/Qt5Gui_QEglFSKmsEglDeviceIntegrationPlugin.cmake">
			<Option virtualFolder="CMake Files\..\..\..\..\..\..\usr\lib\x86_64-linux-gnu\cmake\Qt5Gui\"/>
		</Unit>
		<Unit filename="/home/daekyung/hiiii2/DES_03.Head-Unit/infotainment/head_unit/../../../../../../usr/lib/x86_64-linux-gnu/cmake/Qt5Gui/Qt5Gui_QEglFSKmsGbmIntegrationPlugin.cmake">
			<Option virtualFolder="CMake Files\..\..\..\..\..\..\usr\lib\x86_64-linux-gnu\cmake\Qt5Gui\"/>
		</Unit>
		<Unit filename="/home/daekyung/hiiii2/DES_03.Head-Unit/infotainment/head_unit/../../../../../../usr/lib/x86_64-linux-gnu/cmake/Qt5Gui/Qt5Gui_QEglFSX11IntegrationPlugin.cmake">
			<Option virtualFolder="CMake Files\..\..\..\..\..\..\usr\lib\x86_64-linux-gnu\cmake\Qt5Gui\"/>
		</Unit>
		<Unit filename="/home/daekyung/hiiii2/DES_03.Head-Unit/infotainment/head_unit/../../../../../../usr/lib/x86_64-linux-gnu/cmake/Qt5Gui/Qt5Gui_QEvdevKeyboardPlugin.cmake">
			<Option virtualFolder="CMake Files\..\..\..\..\..\..\usr\lib\x86_64-linux-gnu\cmake\Qt5Gui\"/>
		</Unit>
		<Unit filename="/home/daekyung/hiiii2/DES_03.Head-Unit/infotainment/head_unit/../../../../../../usr/lib/x86_64-linux-gnu/cmake/Qt5Gui/Qt5Gui_QEvdevMousePlugin.cmake">
			<Option virtualFolder="CMake Files\..\..\..\..\..\..\usr\lib\x86_64-linux-gnu\cmake\Qt5Gui\"/>
		</Unit>
		<Unit filename="/home/daekyung/hiiii2/DES_03.Head-Unit/infotainment/head_unit/../../../../../../usr/lib/x86_64-linux-gnu/cmake/Qt5Gui/Qt5Gui_QEvdevTabletPlugin.cmake">
			<Option virtualFolder="CMake Files\..\..\..\..\..\..\usr\lib\x86_64-linux-gnu\cmake\Qt5Gui\"/>
		</Unit>
		<Unit filename="/home/daekyung/hiiii2/DES_03.Head-Unit/infotainment/head_unit/../../../../../../usr/lib/x86_64-linux-gnu/cmake/Qt5Gui/Qt5Gui_QEvdevTouchScreenPlugin.cmake">
			<Option virtualFolder="CMake Files\..\..\..\..\..\..\usr\lib\x86_64-linux-gnu\cmake\Qt5Gui\"/>
		</Unit>
		<Unit filename="/home/daekyung/hiiii2/DES_03.Head-Unit/infotainment/head_unit/../../../../../../usr/lib/x86_64-linux-gnu/cmake/Qt5Gui/Qt5Gui_QGifPlugin.cmake">
			<Option virtualFolder="CMake Files\..\..\..\..\..\..\usr\lib\x86_64-linux-gnu\cmake\Qt5Gui\"/>
		</Unit>
		<Unit filename="/home/daekyung/hiiii2/DES_03.Head-Unit/infotainment/head_unit/../../../../../../usr/lib/x86_64-linux-gnu/cmake/Qt5Gui/Qt5Gui_QICOPlugin.cmake">
			<Option virtualFolder="CMake Files\..\..\..\..\..\..\usr\lib\x86_64-linux-gnu\cmake\Qt5Gui\"/>
		</Unit>
		<Unit filename="/home/daekyung/hiiii2/DES_03.Head-Unit/infotainment/head_unit/../../../../../../usr/lib/x86_64-linux-gnu/cmake/Qt5Gui/Qt5Gui_QIbusPlatformInputContextPlugin.cmake">
			<Option virtualFolder="CMake Files\..\..\..\..\..\..\usr\lib\x86_64-linux-gnu\cmake\Qt5Gui\"/>
		</Unit>
		<Unit filename="/home/daekyung/hiiii2/DES_03.Head-Unit/infotainment/head_unit/../../../../../../usr/lib/x86_64-linux-gnu/cmake/Qt5Gui/Qt5Gui_QJpegPlugin.cmake">
			<Option virtualFolder="CMake Files\..\..\..\..\..\..\usr\lib\x86_64-linux-gnu\cmake\Qt5Gui\"/>
		</Unit>
		<Unit filename="/home/daekyung/hiiii2/DES_03.Head-Unit/infotainment/head_unit/../../../../../../usr/lib/x86_64-linux-gnu/cmake/Qt5Gui/Qt5Gui_QLibInputPlugin.cmake">
			<Option virtualFolder="CMake Files\..\..\..\..\..\..\usr\lib\x86_64-linux-gnu\cmake\Qt5Gui\"/>
		</Unit>
		<Unit filename="/home/daekyung/hiiii2/DES_03.Head-Unit/infotainment/head_unit/../../../../../../usr/lib/x86_64-linux-gnu/cmake/Qt5Gui/Qt5Gui_QLinuxFbIntegrationPlugin.cmake">
			<Option virtualFolder="CMake Files\..\..\..\..\..\..\usr\lib\x86_64-linux-gnu\cmake\Qt5Gui\"/>
		</Unit>
		<Unit filename="/home/daekyung/hiiii2/DES_03.Head-Unit/infotainment/head_unit/../../../../../../usr/lib/x86_64-linux-gnu/cmake/Qt5Gui/Qt5Gui_QMinimalEglIntegrationPlugin.cmake">
			<Option virtualFolder="CMake Files\..\..\..\..\..\..\usr\lib\x86_64-linux-gnu\cmake\Qt5Gui\"/>
		</Unit>
		<Unit filename="/home/daekyung/hiiii2/DES_03.Head-Unit/infotainment/head_unit/../../../../../../usr/lib/x86_64-linux-gnu/cmake/Qt5Gui/Qt5Gui_QMinimalIntegrationPlugin.cmake">
			<Option virtualFolder="CMake Files\..\..\..\..\..\..\usr\lib\x86_64-linux-gnu\cmake\Qt5Gui\"/>
		</Unit>
		<Unit filename="/home/daekyung/hiiii2/DES_03.Head-Unit/infotainment/head_unit/../../../../../../usr/lib/x86_64-linux-gnu/cmake/Qt5Gui/Qt5Gui_QOffscreenIntegrationPlugin.cmake">
			<Option virtualFolder="CMake Files\..\..\..\..\..\..\usr\lib\x86_64-linux-gnu\cmake\Qt5Gui\"/>
		</Unit>
		<Unit filename="/home/daekyung/hiiii2/DES_03.Head-Unit/infotainment/head_unit/../../../../../../usr/lib/x86_64-linux-gnu/cmake/Qt5Gui/Qt5Gui_QTuioTouchPlugin.cmake">
			<Option virtualFolder="CMake Files\..\..\..\..\..\..\usr\lib\x86_64-linux-gnu\cmake\Qt5Gui\"/>
		</Unit>
		<Unit filename="/home/daekyung/hiiii2/DES_03.Head-Unit/infotainment/head_unit/../../../../../../usr/lib/x86_64-linux-gnu/cmake/Qt5Gui/Qt5Gui_QVncIntegrationPlugin.cmake">
			<Option virtualFolder="CMake Files\..\..\..\..\..\..\usr\lib\x86_64-linux-gnu\cmake\Qt5Gui\"/>
		</Unit>
		<Unit filename="/home/daekyung/hiiii2/DES_03.Head-Unit/infotainment/head_unit/../../../../../../usr/lib/x86_64-linux-gnu/cmake/Qt5Gui/Qt5Gui_QXcbEglIntegrationPlugin.cmake">
			<Option virtualFolder="CMake Files\..\..\..\..\..\..\usr\lib\x86_64-linux-gnu\cmake\Qt5Gui\"/>
		</Unit>
		<Unit filename="/home/daekyung/hiiii2/DES_03.Head-Unit/infotainment/head_unit/../../../../../../usr/lib/x86_64-linux-gnu/cmake/Qt5Gui/Qt5Gui_QXcbGlxIntegrationPlugin.cmake">
			<Option virtualFolder="CMake Files\..\..\..\..\..\..\usr\lib\x86_64-linux-gnu\cmake\Qt5Gui\"/>
		</Unit>
		<Unit filename="/home/daekyung/hiiii2/DES_03.Head-Unit/infotainment/head_unit/../../../../../../usr/lib/x86_64-linux-gnu/cmake/Qt5Gui/Qt5Gui_QXcbIntegrationPlugin.cmake">
			<Option virtualFolder="CMake Files\..\..\..\..\..\..\usr\lib\x86_64-linux-gnu\cmake\Qt5Gui\"/>
		</Unit>
		<Unit filename="/home/daekyung/hiiii2/DES_03.Head-Unit/infotainment/head_unit/../../../../../../usr/lib/x86_64-linux-gnu/cmake/Qt5DBus/Qt5DBusConfig.cmake">
			<Option virtualFolder="CMake Files\..\..\..\..\..\..\usr\lib\x86_64-linux-gnu\cmake\Qt5DBus\"/>
		</Unit>
		<Unit filename="/home/daekyung/hiiii2/DES_03.Head-Unit/infotainment/head_unit/../../../../../../usr/lib/x86_64-linux-gnu/cmake/Qt5DBus/Qt5DBusConfigExtras.cmake">
			<Option virtualFolder="CMake Files\..\..\..\..\..\..\usr\lib\x86_64-linux-gnu\cmake\Qt5DBus\"/>
		</Unit>
		<Unit filename="/home/daekyung/hiiii2/DES_03.Head-Unit/infotainment/head_unit/../../../../../../usr/lib/x86_64-linux-gnu/cmake/Qt5DBus/Qt5DBusConfigVersion.cmake">
			<Option virtualFolder="CMake Files\..\..\..\..\..\..\usr\lib\x86_64-linux-gnu\cmake\Qt5DBus\"/>
		</Unit>
		<Unit filename="/home/daekyung/hiiii2/DES_03.Head-Unit/infotainment/head_unit/../../../../../../usr/lib/x86_64-linux-gnu/cmake/Qt5DBus/Qt5DBusMacros.cmake">
			<Option virtualFolder="CMake Files\..\..\..\..\..\..\usr\lib\x86_64-linux-gnu\cmake\Qt5DBus\"/>
		</Unit>
		<Unit filename="/home/daekyung/hiiii2/DES_03.Head-Unit/infotainment/head_unit/../../../../../../usr/lib/x86_64-linux-gnu/cmake/Qt5Multimedia/Qt5MultimediaConfig.cmake">
			<Option virtualFolder="CMake Files\..\..\..\..\..\..\usr\lib\x86_64-linux-gnu\cmake\Qt5Multimedia\"/>
		</Unit>
		<Unit filename="/home/daekyung/hiiii2/DES_03.Head-Unit/infotainment/head_unit/../../../../../../usr/lib/x86_64-linux-gnu/cmake/Qt5Multimedia/Qt5MultimediaConfigVersion.cmake">
			<Option virtualFolder="CMake Files\..\..\..\..\..\..\usr\lib\x86_64-linux-gnu\cmake\Qt5Multimedia\"/>
		</Unit>
		<Unit filename="/home/daekyung/hiiii2/DES_03.Head-Unit/infotainment/head_unit/../../../../../../usr/lib/x86_64-linux-gnu/cmake/Qt5VirtualKeyboard/Qt5VirtualKeyboardConfig.cmake">
			<Option virtualFolder="CMake Files\..\..\..\..\..\..\usr\lib\x86_64-linux-gnu\cmake\Qt5VirtualKeyboard\"/>
		</Unit>
		<Unit filename="/home/daekyung/hiiii2/DES_03.Head-Unit/infotainment/head_unit/../../../../../../usr/lib/x86_64-linux-gnu/cmake/Qt5VirtualKeyboard/Qt5VirtualKeyboardConfigVersion.cmake">
			<Option virtualFolder="CMake Files\..\..\..\..\..\..\usr\lib\x86_64-linux-gnu\cmake\Qt5VirtualKeyboard\"/>
		</Unit>
		<Unit filename="/home/daekyung/hiiii2/DES_03.Head-Unit/infotainment/head_unit/../../../../../../usr/lib/x86_64-linux-gnu/cmake/Qt5Location/Qt5LocationConfig.cmake">
			<Option virtualFolder="CMake Files\..\..\..\..\..\..\usr\lib\x86_64-linux-gnu\cmake\Qt5Location\"/>
		</Unit>
		<Unit filename="/home/daekyung/hiiii2/DES_03.Head-Unit/infotainment/head_unit/../../../../../../usr/lib/x86_64-linux-gnu/cmake/Qt5Location/Qt5LocationConfigVersion.cmake">
			<Option virtualFolder="CMake Files\..\..\..\..\..\..\usr\lib\x86_64-linux-gnu\cmake\Qt5Location\"/>
		</Unit>
		<Unit filename="/home/daekyung/hiiii2/DES_03.Head-Unit/infotainment/head_unit/../../../../../../usr/lib/x86_64-linux-gnu/cmake/Qt5PositioningQuick/Qt5PositioningQuickConfig.cmake">
			<Option virtualFolder="CMake Files\..\..\..\..\..\..\usr\lib\x86_64-linux-gnu\cmake\Qt5PositioningQuick\"/>
		</Unit>
		<Unit filename="/home/daekyung/hiiii2/DES_03.Head-Unit/infotainment/head_unit/../../../../../../usr/lib/x86_64-linux-gnu/cmake/Qt5PositioningQuick/Qt5PositioningQuickConfigVersion.cmake">
			<Option virtualFolder="CMake Files\..\..\..\..\..\..\usr\lib\x86_64-linux-gnu\cmake\Qt5PositioningQuick\"/>
		</Unit>
		<Unit filename="/home/daekyung/hiiii2/DES_03.Head-Unit/infotainment/head_unit/../../../../../../usr/lib/x86_64-linux-gnu/cmake/Qt5Positioning/Qt5PositioningConfig.cmake">
			<Option virtualFolder="CMake Files\..\..\..\..\..\..\usr\lib\x86_64-linux-gnu\cmake\Qt5Positioning\"/>
		</Unit>
		<Unit filename="/home/daekyung/hiiii2/DES_03.Head-Unit/infotainment/head_unit/../../../../../../usr/lib/x86_64-linux-gnu/cmake/Qt5Positioning/Qt5PositioningConfigVersion.cmake">
			<Option virtualFolder="CMake Files\..\..\..\..\..\..\usr\lib\x86_64-linux-gnu\cmake\Qt5Positioning\"/>
		</Unit>
		<Unit filename="/home/daekyung/hiiii2/DES_03.Head-Unit/infotainment/head_unit/../../../../../../usr/lib/x86_64-linux-gnu/cmake/Qt5WebEngine/Qt5WebEngineConfig.cmake">
			<Option virtualFolder="CMake Files\..\..\..\..\..\..\usr\lib\x86_64-linux-gnu\cmake\Qt5WebEngine\"/>
		</Unit>
		<Unit filename="/home/daekyung/hiiii2/DES_03.Head-Unit/infotainment/head_unit/../../../../../../usr/lib/x86_64-linux-gnu/cmake/Qt5WebEngine/Qt5WebEngineConfigVersion.cmake">
			<Option virtualFolder="CMake Files\..\..\..\..\..\..\usr\lib\x86_64-linux-gnu\cmake\Qt5WebEngine\"/>
		</Unit>
		<Unit filename="/home/daekyung/hiiii2/DES_03.Head-Unit/infotainment/head_unit/../../../../../../usr/lib/x86_64-linux-gnu/cmake/Qt5WebEngineCore/Qt5WebEngineCoreConfig.cmake">
			<Option virtualFolder="CMake Files\..\..\..\..\..\..\usr\lib\x86_64-linux-gnu\cmake\Qt5WebEngineCore\"/>
		</Unit>
		<Unit filename="/home/daekyung/hiiii2/DES_03.Head-Unit/infotainment/head_unit/../../../../../../usr/lib/x86_64-linux-gnu/cmake/Qt5WebEngineCore/Qt5WebEngineCoreConfigVersion.cmake">
			<Option virtualFolder="CMake Files\..\..\..\..\..\..\usr\lib\x86_64-linux-gnu\cmake\Qt5WebEngineCore\"/>
		</Unit>
		<Unit filename="/home/daekyung/hiiii2/DES_03.Head-Unit/infotainment/head_unit/../../../../../../usr/lib/x86_64-linux-gnu/cmake/Qt5WebChannel/Qt5WebChannelConfig.cmake">
			<Option virtualFolder="CMake Files\..\..\..\..\..\..\usr\lib\x86_64-linux-gnu\cmake\Qt5WebChannel\"/>
		</Unit>
		<Unit filename="/home/daekyung/hiiii2/DES_03.Head-Unit/infotainment/head_unit/../../../../../../usr/lib/x86_64-linux-gnu/cmake/Qt5WebChannel/Qt5WebChannelConfigVersion.cmake">
			<Option virtualFolder="CMake Files\..\..\..\..\..\..\usr\lib\x86_64-linux-gnu\cmake\Qt5WebChannel\"/>
		</Unit>
		<Unit filename="/home/daekyung/hiiii2/DES_03.Head-Unit/infotainment/head_unit/src/qml.qrc">
			<Option virtualFolder="CMake Files\src\"/>
		</Unit>
	</Project>
</CodeBlocks_project_file>
